
Microsoft Visual Studio Solution File, Format Version 12.00
# Visual Studio 15
VisualStudioVersion = 15.0.27130.2024
MinimumVisualStudioVersion = 10.0.40219.1
Project("{FAE04EC0-301F-11D3-BF4B-00C04F79EFBC}") = "DBCInterface", "DBCInterface\DBCInterface.csproj", "{59A0B868-767C-43D0-B119-488039DE7F3B}"
EndProject
Project("{FAE04EC0-301F-11D3-BF4B-00C04F79EFBC}") = "DBCInterfaceTests", "DBCInterfaceTests\DBCInterfaceTests.csproj", "{9426D486-1732-4B56-A53D-DE7273A2CA0C}"
EndProject
Project("{FAE04EC0-301F-11D3-BF4B-00C04F79EFBC}") = "ReadFormDBC", "ReadFormDBC\ReadFormDBC.csproj", "{6FBBA278-A39F-49BA-8646-A92C3B55E0B3}"
EndProject
Global
	GlobalSection(SolutionConfigurationPlatforms) = preSolution
		Debug|Any CPU = Debug|Any CPU
		Release|Any CPU = Release|Any CPU
	EndGlobalSection
	GlobalSection(ProjectConfigurationPlatforms) = postSolution
		{59A0B868-767C-43D0-B119-488039DE7F3B}.Debug|Any CPU.ActiveCfg = Debug|Any CPU
		{59A0B868-767C-43D0-B119-488039DE7F3B}.Debug|Any CPU.Build.0 = Debug|Any CPU
		{59A0B868-767C-43D0-B119-488039DE7F3B}.Release|Any CPU.ActiveCfg = Release|Any CPU
		{59A0B868-767C-43D0-B119-488039DE7F3B}.Release|Any CPU.Build.0 = Release|Any CPU
		{9426D486-1732-4B56-A53D-DE7273A2CA0C}.Debug|Any CPU.ActiveCfg = Debug|Any CPU
		{9426D486-1732-4B56-A53D-DE7273A2CA0C}.Debug|Any CPU.Build.0 = Debug|Any CPU
		{9426D486-1732-4B56-A53D-DE7273A2CA0C}.Release|Any CPU.ActiveCfg = Release|Any CPU
		{9426D486-1732-4B56-A53D-DE7273A2CA0C}.Release|Any CPU.Build.0 = Release|Any CPU
		{6FBBA278-A39F-49BA-8646-A92C3B55E0B3}.Debug|Any CPU.ActiveCfg = Debug|Any CPU
		{6FBBA278-A39F-49BA-8646-A92C3B55E0B3}.Debug|Any CPU.Build.0 = Debug|Any CPU
		{6FBBA278-A39F-49BA-8646-A92C3B55E0B3}.Release|Any CPU.ActiveCfg = Release|Any CPU
		{6FBBA278-A39F-49BA-8646-A92C3B55E0B3}.Release|Any CPU.Build.0 = Release|Any CPU
	EndGlobalSection
	GlobalSection(SolutionProperties) = preSolution
		HideSolutionNode = FALSE
	EndGlobalSection
	GlobalSection(ExtensibilityGlobals) = postSolution
		SolutionGuid = {FCE4D9F2-7576-41AC-B7F8-170E7532AA98}
	EndGlobalSection
EndGlobal
